// !$*UTF8*$!
{
	archiveVersion = 1;
	classes = {
	};
	objectVersion = 50;
	objects = {

/* Begin PBXBuildFile section */
		8812F02B25C0938600DDE6EA /* NameGenerator.swift in Sources */ = {isa = PBXBuildFile; fileRef = 8812F02A25C0938600DDE6EA /* NameGenerator.swift */; };
		8812F02E25C099C900DDE6EA /* ImageProvider.swift in Sources */ = {isa = PBXBuildFile; fileRef = 8812F02D25C099C900DDE6EA /* ImageProvider.swift */; };
		8812F03125C0A35500DDE6EA /* GalaxyCollectionHeaderView.swift in Sources */ = {isa = PBXBuildFile; fileRef = 8812F03025C0A35500DDE6EA /* GalaxyCollectionHeaderView.swift */; };
		8812F05025C0B07000DDE6EA /* PlanetarySystemCollectionViewCell.swift in Sources */ = {isa = PBXBuildFile; fileRef = 8812F04F25C0B07000DDE6EA /* PlanetarySystemCollectionViewCell.swift */; };
		8812F05325C0B09100DDE6EA /* PlanetarySystemCollectionViewCell.xib in Resources */ = {isa = PBXBuildFile; fileRef = 8812F05225C0B09100DDE6EA /* PlanetarySystemCollectionViewCell.xib */; };
		8818AAFF25C0B218003F3AED /* GalaxyCollectionViewCell.xib in Resources */ = {isa = PBXBuildFile; fileRef = 8818AAFE25C0B218003F3AED /* GalaxyCollectionViewCell.xib */; };
		8818AB0125C0C48E003F3AED /* GalaxyCollectionViewCell.swift in Sources */ = {isa = PBXBuildFile; fileRef = 8812F04825C0AFFA00DDE6EA /* GalaxyCollectionViewCell.swift */; };
		8818AB0625C0D265003F3AED /* PlanetsCreatorHandler.swift in Sources */ = {isa = PBXBuildFile; fileRef = 8818AB0525C0D265003F3AED /* PlanetsCreatorHandler.swift */; };
		8818AB0925C0D342003F3AED /* Satelite.swift in Sources */ = {isa = PBXBuildFile; fileRef = 8818AB0825C0D342003F3AED /* Satelite.swift */; };
		8818AB0E25C0F0A0003F3AED /* PlanetarySystemViewController.swift in Sources */ = {isa = PBXBuildFile; fileRef = 8818AB0D25C0F0A0003F3AED /* PlanetarySystemViewController.swift */; };
		8818AB1425C0F118003F3AED /* StarCollectionHeaderView.swift in Sources */ = {isa = PBXBuildFile; fileRef = 8818AB1325C0F118003F3AED /* StarCollectionHeaderView.swift */; };
		8818AB1925C0F16A003F3AED /* PlanetCollectionViewCell.swift in Sources */ = {isa = PBXBuildFile; fileRef = 8818AB1825C0F16A003F3AED /* PlanetCollectionViewCell.swift */; };
		8818AB1C25C0F19D003F3AED /* PlanetCollectionViewCell.xib in Resources */ = {isa = PBXBuildFile; fileRef = 8818AB1B25C0F19D003F3AED /* PlanetCollectionViewCell.xib */; };
		8818AB2025C0F257003F3AED /* SettingsProvider.swift in Sources */ = {isa = PBXBuildFile; fileRef = 8818AB1F25C0F257003F3AED /* SettingsProvider.swift */; };
		8818AB2625C10456003F3AED /* ModifiedNavigationController.swift in Sources */ = {isa = PBXBuildFile; fileRef = 8818AB2525C10456003F3AED /* ModifiedNavigationController.swift */; };
		8818AB2B25C10821003F3AED /* TimerBarButton.swift in Sources */ = {isa = PBXBuildFile; fileRef = 8818AB2A25C10821003F3AED /* TimerBarButton.swift */; };
		8818AB2E25C110A3003F3AED /* GalaxiesCollapseHandler.swift in Sources */ = {isa = PBXBuildFile; fileRef = 8818AB2D25C110A3003F3AED /* GalaxiesCollapseHandler.swift */; };
		8818AB3225C11B82003F3AED /* StateMachine.swift in Sources */ = {isa = PBXBuildFile; fileRef = 8818AB3125C11B82003F3AED /* StateMachine.swift */; };
		8818AB3625C137E1003F3AED /* Randomizable.swift in Sources */ = {isa = PBXBuildFile; fileRef = 8818AB3525C137E1003F3AED /* Randomizable.swift */; };
		8831974725C03C9E0042B3E6 /* GalaxyViewController.swift in Sources */ = {isa = PBXBuildFile; fileRef = 8831974625C03C9E0042B3E6 /* GalaxyViewController.swift */; };
		8831974D25C03F250042B3E6 /* Handler.swift in Sources */ = {isa = PBXBuildFile; fileRef = 8831974C25C03F250042B3E6 /* Handler.swift */; };
		8831975025C03F650042B3E6 /* PlanetarySystemsCreatorHandler.swift in Sources */ = {isa = PBXBuildFile; fileRef = 8831974F25C03F650042B3E6 /* PlanetarySystemsCreatorHandler.swift */; };
		8831975325C0457F0042B3E6 /* GalaxyCreatorHandler.swift in Sources */ = {isa = PBXBuildFile; fileRef = 8831975225C0457F0042B3E6 /* GalaxyCreatorHandler.swift */; };
		8831975625C047FD0042B3E6 /* Handled.swift in Sources */ = {isa = PBXBuildFile; fileRef = 8831975525C047FD0042B3E6 /* Handled.swift */; };
		8831975925C04FE70042B3E6 /* UniverseProvider.swift in Sources */ = {isa = PBXBuildFile; fileRef = 8831975825C04FE70042B3E6 /* UniverseProvider.swift */; };
		8831975D25C085590042B3E6 /* SpaceObject.swift in Sources */ = {isa = PBXBuildFile; fileRef = 8831975C25C085590042B3E6 /* SpaceObject.swift */; };
		885A6C0725B1D4C000BEEFBF /* AppDelegate.swift in Sources */ = {isa = PBXBuildFile; fileRef = 885A6C0625B1D4C000BEEFBF /* AppDelegate.swift */; };
		885A6C0925B1D4C000BEEFBF /* SceneDelegate.swift in Sources */ = {isa = PBXBuildFile; fileRef = 885A6C0825B1D4C000BEEFBF /* SceneDelegate.swift */; };
		885A6C0B25B1D4C000BEEFBF /* UniverseViewController.swift in Sources */ = {isa = PBXBuildFile; fileRef = 885A6C0A25B1D4C000BEEFBF /* UniverseViewController.swift */; };
		885A6C0E25B1D4C000BEEFBF /* Main.storyboard in Resources */ = {isa = PBXBuildFile; fileRef = 885A6C0C25B1D4C000BEEFBF /* Main.storyboard */; };
		885A6C1025B1D4C400BEEFBF /* Assets.xcassets in Resources */ = {isa = PBXBuildFile; fileRef = 885A6C0F25B1D4C400BEEFBF /* Assets.xcassets */; };
		885A6C1325B1D4C400BEEFBF /* LaunchScreen.storyboard in Resources */ = {isa = PBXBuildFile; fileRef = 885A6C1125B1D4C400BEEFBF /* LaunchScreen.storyboard */; };
		88C32CEE25B240DF00DD1AA5 /* Universe.swift in Sources */ = {isa = PBXBuildFile; fileRef = 88C32CED25B240DF00DD1AA5 /* Universe.swift */; };
		88C32CF125B243DD00DD1AA5 /* Galaxy.swift in Sources */ = {isa = PBXBuildFile; fileRef = 88C32CF025B243DD00DD1AA5 /* Galaxy.swift */; };
		88C32CF425B243E700DD1AA5 /* PlanetarySystem.swift in Sources */ = {isa = PBXBuildFile; fileRef = 88C32CF325B243E700DD1AA5 /* PlanetarySystem.swift */; };
		88C32CF725B243F300DD1AA5 /* Star.swift in Sources */ = {isa = PBXBuildFile; fileRef = 88C32CF625B243F300DD1AA5 /* Star.swift */; };
		88C32CFA25B243FD00DD1AA5 /* Planet.swift in Sources */ = {isa = PBXBuildFile; fileRef = 88C32CF925B243FD00DD1AA5 /* Planet.swift */; };
		88C32D0825B2619C00DD1AA5 /* Timer.swift in Sources */ = {isa = PBXBuildFile; fileRef = 88C32D0725B2619C00DD1AA5 /* Timer.swift */; };
		88FA95C225C3E4A10049C854 /* StarEvolutionHandler.swift in Sources */ = {isa = PBXBuildFile; fileRef = 88FA95C125C3E4A10049C854 /* StarEvolutionHandler.swift */; };
/* End PBXBuildFile section */

/* Begin PBXFileReference section */
		8812F02A25C0938600DDE6EA /* NameGenerator.swift */ = {isa = PBXFileReference; lastKnownFileType = sourcecode.swift; path = NameGenerator.swift; sourceTree = "<group>"; };
		8812F02D25C099C900DDE6EA /* ImageProvider.swift */ = {isa = PBXFileReference; lastKnownFileType = sourcecode.swift; path = ImageProvider.swift; sourceTree = "<group>"; };
		8812F03025C0A35500DDE6EA /* GalaxyCollectionHeaderView.swift */ = {isa = PBXFileReference; lastKnownFileType = sourcecode.swift; path = GalaxyCollectionHeaderView.swift; sourceTree = "<group>"; };
		8812F04825C0AFFA00DDE6EA /* GalaxyCollectionViewCell.swift */ = {isa = PBXFileReference; lastKnownFileType = sourcecode.swift; path = GalaxyCollectionViewCell.swift; sourceTree = "<group>"; };
		8812F04F25C0B07000DDE6EA /* PlanetarySystemCollectionViewCell.swift */ = {isa = PBXFileReference; lastKnownFileType = sourcecode.swift; path = PlanetarySystemCollectionViewCell.swift; sourceTree = "<group>"; };
		8812F05225C0B09100DDE6EA /* PlanetarySystemCollectionViewCell.xib */ = {isa = PBXFileReference; lastKnownFileType = file.xib; path = PlanetarySystemCollectionViewCell.xib; sourceTree = "<group>"; };
		8818AAFE25C0B218003F3AED /* GalaxyCollectionViewCell.xib */ = {isa = PBXFileReference; lastKnownFileType = file.xib; path = GalaxyCollectionViewCell.xib; sourceTree = "<group>"; };
		8818AB0525C0D265003F3AED /* PlanetsCreatorHandler.swift */ = {isa = PBXFileReference; lastKnownFileType = sourcecode.swift; path = PlanetsCreatorHandler.swift; sourceTree = "<group>"; };
		8818AB0825C0D342003F3AED /* Satelite.swift */ = {isa = PBXFileReference; lastKnownFileType = sourcecode.swift; path = Satelite.swift; sourceTree = "<group>"; };
		8818AB0D25C0F0A0003F3AED /* PlanetarySystemViewController.swift */ = {isa = PBXFileReference; lastKnownFileType = sourcecode.swift; path = PlanetarySystemViewController.swift; sourceTree = "<group>"; };
		8818AB1325C0F118003F3AED /* StarCollectionHeaderView.swift */ = {isa = PBXFileReference; lastKnownFileType = sourcecode.swift; path = StarCollectionHeaderView.swift; sourceTree = "<group>"; };
		8818AB1825C0F16A003F3AED /* PlanetCollectionViewCell.swift */ = {isa = PBXFileReference; lastKnownFileType = sourcecode.swift; path = PlanetCollectionViewCell.swift; sourceTree = "<group>"; };
		8818AB1B25C0F19D003F3AED /* PlanetCollectionViewCell.xib */ = {isa = PBXFileReference; lastKnownFileType = file.xib; path = PlanetCollectionViewCell.xib; sourceTree = "<group>"; };
		8818AB1F25C0F257003F3AED /* SettingsProvider.swift */ = {isa = PBXFileReference; lastKnownFileType = sourcecode.swift; path = SettingsProvider.swift; sourceTree = "<group>"; };
		8818AB2525C10456003F3AED /* ModifiedNavigationController.swift */ = {isa = PBXFileReference; lastKnownFileType = sourcecode.swift; path = ModifiedNavigationController.swift; sourceTree = "<group>"; };
		8818AB2A25C10821003F3AED /* TimerBarButton.swift */ = {isa = PBXFileReference; lastKnownFileType = sourcecode.swift; path = TimerBarButton.swift; sourceTree = "<group>"; };
		8818AB2D25C110A3003F3AED /* GalaxiesCollapseHandler.swift */ = {isa = PBXFileReference; lastKnownFileType = sourcecode.swift; path = GalaxiesCollapseHandler.swift; sourceTree = "<group>"; };
		8818AB3125C11B82003F3AED /* StateMachine.swift */ = {isa = PBXFileReference; lastKnownFileType = sourcecode.swift; path = StateMachine.swift; sourceTree = "<group>"; };
		8818AB3525C137E1003F3AED /* Randomizable.swift */ = {isa = PBXFileReference; lastKnownFileType = sourcecode.swift; path = Randomizable.swift; sourceTree = "<group>"; };
		8831974625C03C9E0042B3E6 /* GalaxyViewController.swift */ = {isa = PBXFileReference; lastKnownFileType = sourcecode.swift; path = GalaxyViewController.swift; sourceTree = "<group>"; };
		8831974C25C03F250042B3E6 /* Handler.swift */ = {isa = PBXFileReference; lastKnownFileType = sourcecode.swift; path = Handler.swift; sourceTree = "<group>"; };
		8831974F25C03F650042B3E6 /* PlanetarySystemsCreatorHandler.swift */ = {isa = PBXFileReference; lastKnownFileType = sourcecode.swift; path = PlanetarySystemsCreatorHandler.swift; sourceTree = "<group>"; };
		8831975225C0457F0042B3E6 /* GalaxyCreatorHandler.swift */ = {isa = PBXFileReference; lastKnownFileType = sourcecode.swift; path = GalaxyCreatorHandler.swift; sourceTree = "<group>"; };
		8831975525C047FD0042B3E6 /* Handled.swift */ = {isa = PBXFileReference; lastKnownFileType = sourcecode.swift; path = Handled.swift; sourceTree = "<group>"; };
		8831975825C04FE70042B3E6 /* UniverseProvider.swift */ = {isa = PBXFileReference; lastKnownFileType = sourcecode.swift; path = UniverseProvider.swift; sourceTree = "<group>"; };
		8831975C25C085590042B3E6 /* SpaceObject.swift */ = {isa = PBXFileReference; lastKnownFileType = sourcecode.swift; path = SpaceObject.swift; sourceTree = "<group>"; };
		885A6C0325B1D4C000BEEFBF /* Project Universe.app */ = {isa = PBXFileReference; explicitFileType = wrapper.application; includeInIndex = 0; path = "Project Universe.app"; sourceTree = BUILT_PRODUCTS_DIR; };
		885A6C0625B1D4C000BEEFBF /* AppDelegate.swift */ = {isa = PBXFileReference; lastKnownFileType = sourcecode.swift; path = AppDelegate.swift; sourceTree = "<group>"; };
		885A6C0825B1D4C000BEEFBF /* SceneDelegate.swift */ = {isa = PBXFileReference; lastKnownFileType = sourcecode.swift; path = SceneDelegate.swift; sourceTree = "<group>"; };
		885A6C0A25B1D4C000BEEFBF /* UniverseViewController.swift */ = {isa = PBXFileReference; lastKnownFileType = sourcecode.swift; path = UniverseViewController.swift; sourceTree = "<group>"; };
		885A6C0D25B1D4C000BEEFBF /* Base */ = {isa = PBXFileReference; lastKnownFileType = file.storyboard; name = Base; path = Base.lproj/Main.storyboard; sourceTree = "<group>"; };
		885A6C0F25B1D4C400BEEFBF /* Assets.xcassets */ = {isa = PBXFileReference; lastKnownFileType = folder.assetcatalog; path = Assets.xcassets; sourceTree = "<group>"; };
		885A6C1225B1D4C400BEEFBF /* Base */ = {isa = PBXFileReference; lastKnownFileType = file.storyboard; name = Base; path = Base.lproj/LaunchScreen.storyboard; sourceTree = "<group>"; };
		885A6C1425B1D4C400BEEFBF /* Info.plist */ = {isa = PBXFileReference; lastKnownFileType = text.plist.xml; path = Info.plist; sourceTree = "<group>"; };
		88C32CED25B240DF00DD1AA5 /* Universe.swift */ = {isa = PBXFileReference; lastKnownFileType = sourcecode.swift; path = Universe.swift; sourceTree = "<group>"; };
		88C32CF025B243DD00DD1AA5 /* Galaxy.swift */ = {isa = PBXFileReference; lastKnownFileType = sourcecode.swift; path = Galaxy.swift; sourceTree = "<group>"; };
		88C32CF325B243E700DD1AA5 /* PlanetarySystem.swift */ = {isa = PBXFileReference; lastKnownFileType = sourcecode.swift; path = PlanetarySystem.swift; sourceTree = "<group>"; };
		88C32CF625B243F300DD1AA5 /* Star.swift */ = {isa = PBXFileReference; lastKnownFileType = sourcecode.swift; path = Star.swift; sourceTree = "<group>"; };
		88C32CF925B243FD00DD1AA5 /* Planet.swift */ = {isa = PBXFileReference; lastKnownFileType = sourcecode.swift; path = Planet.swift; sourceTree = "<group>"; };
		88C32D0725B2619C00DD1AA5 /* Timer.swift */ = {isa = PBXFileReference; lastKnownFileType = sourcecode.swift; path = Timer.swift; sourceTree = "<group>"; };
		88FA95C125C3E4A10049C854 /* StarEvolutionHandler.swift */ = {isa = PBXFileReference; lastKnownFileType = sourcecode.swift; path = StarEvolutionHandler.swift; sourceTree = "<group>"; };
/* End PBXFileReference section */

/* Begin PBXFrameworksBuildPhase section */
		885A6C0025B1D4C000BEEFBF /* Frameworks */ = {
			isa = PBXFrameworksBuildPhase;
			buildActionMask = 2147483647;
			files = (
			);
			runOnlyForDeploymentPostprocessing = 0;
		};
/* End PBXFrameworksBuildPhase section */

/* Begin PBXGroup section */
		8812F03425C0A36700DDE6EA /* GalaxyCollectionReusableView */ = {
			isa = PBXGroup;
			children = (
				8812F03025C0A35500DDE6EA /* GalaxyCollectionHeaderView.swift */,
			);
			path = GalaxyCollectionReusableView;
			sourceTree = "<group>";
		};
		8812F04525C0AFFA00DDE6EA /* GalaxyCollectionViewCell */ = {
			isa = PBXGroup;
			children = (
				8812F04825C0AFFA00DDE6EA /* GalaxyCollectionViewCell.swift */,
				8818AAFE25C0B218003F3AED /* GalaxyCollectionViewCell.xib */,
			);
			path = GalaxyCollectionViewCell;
			sourceTree = "<group>";
		};
		8812F04D25C0B03800DDE6EA /* PlanetarySystemCollectionViewCell */ = {
			isa = PBXGroup;
			children = (
				8812F04F25C0B07000DDE6EA /* PlanetarySystemCollectionViewCell.swift */,
				8812F05225C0B09100DDE6EA /* PlanetarySystemCollectionViewCell.xib */,
			);
			path = PlanetarySystemCollectionViewCell;
			sourceTree = "<group>";
		};
		8812F04E25C0B04B00DDE6EA /* PlanetarySystemCollectionView */ = {
			isa = PBXGroup;
			children = (
				8812F03425C0A36700DDE6EA /* GalaxyCollectionReusableView */,
				8812F04D25C0B03800DDE6EA /* PlanetarySystemCollectionViewCell */,
			);
			path = PlanetarySystemCollectionView;
			sourceTree = "<group>";
		};
		8818AB0C25C0F093003F3AED /* PlanetarySystemViewController */ = {
			isa = PBXGroup;
			children = (
				8818AB0D25C0F0A0003F3AED /* PlanetarySystemViewController.swift */,
			);
			path = PlanetarySystemViewController;
			sourceTree = "<group>";
		};
		8818AB1125C0F0FE003F3AED /* PlanetsCollectionView */ = {
			isa = PBXGroup;
			children = (
				8818AB1725C0F158003F3AED /* PlanetCollectionViewCell */,
				8818AB1225C0F105003F3AED /* StarCollectionHeaderView */,
			);
			path = PlanetsCollectionView;
			sourceTree = "<group>";
		};
		8818AB1225C0F105003F3AED /* StarCollectionHeaderView */ = {
			isa = PBXGroup;
			children = (
				8818AB1325C0F118003F3AED /* StarCollectionHeaderView.swift */,
			);
			path = StarCollectionHeaderView;
			sourceTree = "<group>";
		};
		8818AB1725C0F158003F3AED /* PlanetCollectionViewCell */ = {
			isa = PBXGroup;
			children = (
				8818AB1825C0F16A003F3AED /* PlanetCollectionViewCell.swift */,
				8818AB1B25C0F19D003F3AED /* PlanetCollectionViewCell.xib */,
			);
			path = PlanetCollectionViewCell;
			sourceTree = "<group>";
		};
		8818AB1E25C0F248003F3AED /* SettingsProvider */ = {
			isa = PBXGroup;
			children = (
				8818AB1F25C0F257003F3AED /* SettingsProvider.swift */,
			);
			path = SettingsProvider;
			sourceTree = "<group>";
		};
		8818AB2425C10448003F3AED /* NavigationController */ = {
			isa = PBXGroup;
			children = (
				8818AB2525C10456003F3AED /* ModifiedNavigationController.swift */,
			);
			path = NavigationController;
			sourceTree = "<group>";
		};
		8818AB2925C10810003F3AED /* TimerBarButton */ = {
			isa = PBXGroup;
			children = (
				8818AB2A25C10821003F3AED /* TimerBarButton.swift */,
			);
			path = TimerBarButton;
			sourceTree = "<group>";
		};
		8818AB3025C11B6C003F3AED /* StateMachine */ = {
			isa = PBXGroup;
			children = (
				8818AB3125C11B82003F3AED /* StateMachine.swift */,
			);
			path = StateMachine;
			sourceTree = "<group>";
		};
		8831974425C03C860042B3E6 /* UniverseViewController */ = {
			isa = PBXGroup;
			children = (
				885A6C0A25B1D4C000BEEFBF /* UniverseViewController.swift */,
			);
			path = UniverseViewController;
			sourceTree = "<group>";
		};
		8831974525C03C8E0042B3E6 /* GalaxyViewController */ = {
			isa = PBXGroup;
			children = (
				8831974625C03C9E0042B3E6 /* GalaxyViewController.swift */,
			);
			path = GalaxyViewController;
			sourceTree = "<group>";
		};
		8831974B25C03F0F0042B3E6 /* Handlers */ = {
			isa = PBXGroup;
			children = (
				8831974C25C03F250042B3E6 /* Handler.swift */,
				8831974F25C03F650042B3E6 /* PlanetarySystemsCreatorHandler.swift */,
				8831975225C0457F0042B3E6 /* GalaxyCreatorHandler.swift */,
				8818AB0525C0D265003F3AED /* PlanetsCreatorHandler.swift */,
				8818AB2D25C110A3003F3AED /* GalaxiesCollapseHandler.swift */,
				88FA95C125C3E4A10049C854 /* StarEvolutionHandler.swift */,
			);
			path = Handlers;
			sourceTree = "<group>";
		};
		8831976025C085DC0042B3E6 /* Application */ = {
			isa = PBXGroup;
			children = (
				885A6C0625B1D4C000BEEFBF /* AppDelegate.swift */,
				885A6C0825B1D4C000BEEFBF /* SceneDelegate.swift */,
			);
			path = Application;
			sourceTree = "<group>";
		};
		8831976125C085F70042B3E6 /* Storyboards */ = {
			isa = PBXGroup;
			children = (
				885A6C1125B1D4C400BEEFBF /* LaunchScreen.storyboard */,
				885A6C0C25B1D4C000BEEFBF /* Main.storyboard */,
			);
			path = Storyboards;
			sourceTree = "<group>";
		};
		8831976225C086050042B3E6 /* Resources */ = {
			isa = PBXGroup;
			children = (
				885A6C0F25B1D4C400BEEFBF /* Assets.xcassets */,
				8831975825C04FE70042B3E6 /* UniverseProvider.swift */,
				8812F02A25C0938600DDE6EA /* NameGenerator.swift */,
				8812F02D25C099C900DDE6EA /* ImageProvider.swift */,
			);
			path = Resources;
			sourceTree = "<group>";
		};
		885A6BFA25B1D4BF00BEEFBF = {
			isa = PBXGroup;
			children = (
				885A6C0525B1D4C000BEEFBF /* Project Universe */,
				885A6C0425B1D4C000BEEFBF /* Products */,
			);
			sourceTree = "<group>";
		};
		885A6C0425B1D4C000BEEFBF /* Products */ = {
			isa = PBXGroup;
			children = (
				885A6C0325B1D4C000BEEFBF /* Project Universe.app */,
			);
			name = Products;
			sourceTree = "<group>";
		};
		885A6C0525B1D4C000BEEFBF /* Project Universe */ = {
			isa = PBXGroup;
			children = (
				8831976025C085DC0042B3E6 /* Application */,
				8831974B25C03F0F0042B3E6 /* Handlers */,
				885A6C1D25B1D59F00BEEFBF /* Models */,
				8831976225C086050042B3E6 /* Resources */,
				8831976125C085F70042B3E6 /* Storyboards */,
				8818AB3025C11B6C003F3AED /* StateMachine */,
				88C32D0625B2619300DD1AA5 /* Timer */,
				885A6C1C25B1D59800BEEFBF /* Views */,
				885A6C1B25B1D59100BEEFBF /* ViewControllers */,
				8818AB1E25C0F248003F3AED /* SettingsProvider */,
				885A6C1425B1D4C400BEEFBF /* Info.plist */,
			);
			path = "Project Universe";
			sourceTree = "<group>";
		};
		885A6C1B25B1D59100BEEFBF /* ViewControllers */ = {
			isa = PBXGroup;
			children = (
				8818AB2425C10448003F3AED /* NavigationController */,
				8818AB0C25C0F093003F3AED /* PlanetarySystemViewController */,
				8831974525C03C8E0042B3E6 /* GalaxyViewController */,
				8831974425C03C860042B3E6 /* UniverseViewController */,
			);
			path = ViewControllers;
			sourceTree = "<group>";
		};
		885A6C1C25B1D59800BEEFBF /* Views */ = {
			isa = PBXGroup;
			children = (
				8818AB2925C10810003F3AED /* TimerBarButton */,
				8818AB1125C0F0FE003F3AED /* PlanetsCollectionView */,
				8812F04E25C0B04B00DDE6EA /* PlanetarySystemCollectionView */,
				88C32CE825B23FC300DD1AA5 /* GalaxiesCollectionView */,
			);
			path = Views;
			sourceTree = "<group>";
		};
		885A6C1D25B1D59F00BEEFBF /* Models */ = {
			isa = PBXGroup;
			children = (
				88C32CED25B240DF00DD1AA5 /* Universe.swift */,
				88C32CF025B243DD00DD1AA5 /* Galaxy.swift */,
				88C32CF325B243E700DD1AA5 /* PlanetarySystem.swift */,
				88C32CF625B243F300DD1AA5 /* Star.swift */,
				88C32CF925B243FD00DD1AA5 /* Planet.swift */,
				8818AB0825C0D342003F3AED /* Satelite.swift */,
				8831975525C047FD0042B3E6 /* Handled.swift */,
				8831975C25C085590042B3E6 /* SpaceObject.swift */,
				8818AB3525C137E1003F3AED /* Randomizable.swift */,
			);
			path = Models;
			sourceTree = "<group>";
		};
		88C32CE825B23FC300DD1AA5 /* GalaxiesCollectionView */ = {
			isa = PBXGroup;
			children = (
				8812F04525C0AFFA00DDE6EA /* GalaxyCollectionViewCell */,
			);
			path = GalaxiesCollectionView;
			sourceTree = "<group>";
		};
		88C32D0625B2619300DD1AA5 /* Timer */ = {
			isa = PBXGroup;
			children = (
				88C32D0725B2619C00DD1AA5 /* Timer.swift */,
			);
			path = Timer;
			sourceTree = "<group>";
		};
/* End PBXGroup section */

/* Begin PBXNativeTarget section */
		885A6C0225B1D4C000BEEFBF /* Project Universe */ = {
			isa = PBXNativeTarget;
			buildConfigurationList = 885A6C1725B1D4C400BEEFBF /* Build configuration list for PBXNativeTarget "Project Universe" */;
			buildPhases = (
				885A6BFF25B1D4C000BEEFBF /* Sources */,
				885A6C0025B1D4C000BEEFBF /* Frameworks */,
				885A6C0125B1D4C000BEEFBF /* Resources */,
			);
			buildRules = (
			);
			dependencies = (
			);
			name = "Project Universe";
			productName = "Project Universe";
			productReference = 885A6C0325B1D4C000BEEFBF /* Project Universe.app */;
			productType = "com.apple.product-type.application";
		};
/* End PBXNativeTarget section */

/* Begin PBXProject section */
		885A6BFB25B1D4BF00BEEFBF /* Project object */ = {
			isa = PBXProject;
			attributes = {
				LastSwiftUpdateCheck = 1230;
				LastUpgradeCheck = 1230;
				TargetAttributes = {
					885A6C0225B1D4C000BEEFBF = {
						CreatedOnToolsVersion = 12.3;
					};
				};
			};
			buildConfigurationList = 885A6BFE25B1D4BF00BEEFBF /* Build configuration list for PBXProject "Project Universe" */;
			compatibilityVersion = "Xcode 9.3";
			developmentRegion = en;
			hasScannedForEncodings = 0;
			knownRegions = (
				en,
				Base,
			);
			mainGroup = 885A6BFA25B1D4BF00BEEFBF;
			productRefGroup = 885A6C0425B1D4C000BEEFBF /* Products */;
			projectDirPath = "";
			projectRoot = "";
			targets = (
				885A6C0225B1D4C000BEEFBF /* Project Universe */,
			);
		};
/* End PBXProject section */

/* Begin PBXResourcesBuildPhase section */
		885A6C0125B1D4C000BEEFBF /* Resources */ = {
			isa = PBXResourcesBuildPhase;
			buildActionMask = 2147483647;
			files = (
				8818AB1C25C0F19D003F3AED /* PlanetCollectionViewCell.xib in Resources */,
				885A6C1325B1D4C400BEEFBF /* LaunchScreen.storyboard in Resources */,
				8812F05325C0B09100DDE6EA /* PlanetarySystemCollectionViewCell.xib in Resources */,
				885A6C1025B1D4C400BEEFBF /* Assets.xcassets in Resources */,
				8818AAFF25C0B218003F3AED /* GalaxyCollectionViewCell.xib in Resources */,
				885A6C0E25B1D4C000BEEFBF /* Main.storyboard in Resources */,
			);
			runOnlyForDeploymentPostprocessing = 0;
		};
/* End PBXResourcesBuildPhase section */

/* Begin PBXSourcesBuildPhase section */
		885A6BFF25B1D4C000BEEFBF /* Sources */ = {
			isa = PBXSourcesBuildPhase;
			buildActionMask = 2147483647;
			files = (
				8812F02B25C0938600DDE6EA /* NameGenerator.swift in Sources */,
				885A6C0B25B1D4C000BEEFBF /* UniverseViewController.swift in Sources */,
				88C32CF425B243E700DD1AA5 /* PlanetarySystem.swift in Sources */,
				88C32CF125B243DD00DD1AA5 /* Galaxy.swift in Sources */,
				8831975625C047FD0042B3E6 /* Handled.swift in Sources */,
				8818AB3625C137E1003F3AED /* Randomizable.swift in Sources */,
				8818AB0925C0D342003F3AED /* Satelite.swift in Sources */,
				8812F03125C0A35500DDE6EA /* GalaxyCollectionHeaderView.swift in Sources */,
				8818AB2025C0F257003F3AED /* SettingsProvider.swift in Sources */,
				8831974725C03C9E0042B3E6 /* GalaxyViewController.swift in Sources */,
				88C32D0825B2619C00DD1AA5 /* Timer.swift in Sources */,
				8818AB2625C10456003F3AED /* ModifiedNavigationController.swift in Sources */,
				88C32CFA25B243FD00DD1AA5 /* Planet.swift in Sources */,
				8818AB0E25C0F0A0003F3AED /* PlanetarySystemViewController.swift in Sources */,
				8831974D25C03F250042B3E6 /* Handler.swift in Sources */,
				88C32CEE25B240DF00DD1AA5 /* Universe.swift in Sources */,
				8831975D25C085590042B3E6 /* SpaceObject.swift in Sources */,
				8831975025C03F650042B3E6 /* PlanetarySystemsCreatorHandler.swift in Sources */,
				885A6C0725B1D4C000BEEFBF /* AppDelegate.swift in Sources */,
				8812F05025C0B07000DDE6EA /* PlanetarySystemCollectionViewCell.swift in Sources */,
				885A6C0925B1D4C000BEEFBF /* SceneDelegate.swift in Sources */,
				8818AB1925C0F16A003F3AED /* PlanetCollectionViewCell.swift in Sources */,
				88FA95C225C3E4A10049C854 /* StarEvolutionHandler.swift in Sources */,
				8818AB3225C11B82003F3AED /* StateMachine.swift in Sources */,
				8831975325C0457F0042B3E6 /* GalaxyCreatorHandler.swift in Sources */,
				8818AB1425C0F118003F3AED /* StarCollectionHeaderView.swift in Sources */,
				8831975925C04FE70042B3E6 /* UniverseProvider.swift in Sources */,
				8812F02E25C099C900DDE6EA /* ImageProvider.swift in Sources */,
				8818AB2E25C110A3003F3AED /* GalaxiesCollapseHandler.swift in Sources */,
				88C32CF725B243F300DD1AA5 /* Star.swift in Sources */,
				8818AB2B25C10821003F3AED /* TimerBarButton.swift in Sources */,
				8818AB0125C0C48E003F3AED /* GalaxyCollectionViewCell.swift in Sources */,
				8818AB0625C0D265003F3AED /* PlanetsCreatorHandler.swift in Sources */,
			);
			runOnlyForDeploymentPostprocessing = 0;
		};
/* End PBXSourcesBuildPhase section */

/* Begin PBXVariantGroup section */
		885A6C0C25B1D4C000BEEFBF /* Main.storyboard */ = {
			isa = PBXVariantGroup;
			children = (
				885A6C0D25B1D4C000BEEFBF /* Base */,
			);
			name = Main.storyboard;
			sourceTree = "<group>";
		};
		885A6C1125B1D4C400BEEFBF /* LaunchScreen.storyboard */ = {
			isa = PBXVariantGroup;
			children = (
				885A6C1225B1D4C400BEEFBF /* Base */,
			);
			name = LaunchScreen.storyboard;
			sourceTree = "<group>";
		};
/* End PBXVariantGroup section */

/* Begin XCBuildConfiguration section */
		885A6C1525B1D4C400BEEFBF /* Debug */ = {
			isa = XCBuildConfiguration;
			buildSettings = {
				ALWAYS_SEARCH_USER_PATHS = NO;
				CLANG_ANALYZER_NONNULL = YES;
				CLANG_ANALYZER_NUMBER_OBJECT_CONVERSION = YES_AGGRESSIVE;
				CLANG_CXX_LANGUAGE_STANDARD = "gnu++14";
				CLANG_CXX_LIBRARY = "libc++";
				CLANG_ENABLE_MODULES = YES;
				CLANG_ENABLE_OBJC_ARC = YES;
				CLANG_ENABLE_OBJC_WEAK = YES;
				CLANG_WARN_BLOCK_CAPTURE_AUTORELEASING = YES;
				CLANG_WARN_BOOL_CONVERSION = YES;
				CLANG_WARN_COMMA = YES;
				CLANG_WARN_CONSTANT_CONVERSION = YES;
				CLANG_WARN_DEPRECATED_OBJC_IMPLEMENTATIONS = YES;
				CLANG_WARN_DIRECT_OBJC_ISA_USAGE = YES_ERROR;
				CLANG_WARN_DOCUMENTATION_COMMENTS = YES;
				CLANG_WARN_EMPTY_BODY = YES;
				CLANG_WARN_ENUM_CONVERSION = YES;
				CLANG_WARN_INFINITE_RECURSION = YES;
				CLANG_WARN_INT_CONVERSION = YES;
				CLANG_WARN_NON_LITERAL_NULL_CONVERSION = YES;
				CLANG_WARN_OBJC_IMPLICIT_RETAIN_SELF = YES;
				CLANG_WARN_OBJC_LITERAL_CONVERSION = YES;
				CLANG_WARN_OBJC_ROOT_CLASS = YES_ERROR;
				CLANG_WARN_QUOTED_INCLUDE_IN_FRAMEWORK_HEADER = YES;
				CLANG_WARN_RANGE_LOOP_ANALYSIS = YES;
				CLANG_WARN_STRICT_PROTOTYPES = YES;
				CLANG_WARN_SUSPICIOUS_MOVE = YES;
				CLANG_WARN_UNGUARDED_AVAILABILITY = YES_AGGRESSIVE;
				CLANG_WARN_UNREACHABLE_CODE = YES;
				CLANG_WARN__DUPLICATE_METHOD_MATCH = YES;
				COPY_PHASE_STRIP = NO;
				DEBUG_INFORMATION_FORMAT = dwarf;
				ENABLE_STRICT_OBJC_MSGSEND = YES;
				ENABLE_TESTABILITY = YES;
				GCC_C_LANGUAGE_STANDARD = gnu11;
				GCC_DYNAMIC_NO_PIC = NO;
				GCC_NO_COMMON_BLOCKS = YES;
				GCC_OPTIMIZATION_LEVEL = 0;
				GCC_PREPROCESSOR_DEFINITIONS = (
					"DEBUG=1",
					"$(inherited)",
				);
				GCC_WARN_64_TO_32_BIT_CONVERSION = YES;
				GCC_WARN_ABOUT_RETURN_TYPE = YES_ERROR;
				GCC_WARN_UNDECLARED_SELECTOR = YES;
				GCC_WARN_UNINITIALIZED_AUTOS = YES_AGGRESSIVE;
				GCC_WARN_UNUSED_FUNCTION = YES;
				GCC_WARN_UNUSED_VARIABLE = YES;
				IPHONEOS_DEPLOYMENT_TARGET = 14.3;
				MTL_ENABLE_DEBUG_INFO = INCLUDE_SOURCE;
				MTL_FAST_MATH = YES;
				ONLY_ACTIVE_ARCH = YES;
				SDKROOT = iphoneos;
				SWIFT_ACTIVE_COMPILATION_CONDITIONS = DEBUG;
				SWIFT_OPTIMIZATION_LEVEL = "-Onone";
			};
			name = Debug;
		};
		885A6C1625B1D4C400BEEFBF /* Release */ = {
			isa = XCBuildConfiguration;
			buildSettings = {
				ALWAYS_SEARCH_USER_PATHS = NO;
				CLANG_ANALYZER_NONNULL = YES;
				CLANG_ANALYZER_NUMBER_OBJECT_CONVERSION = YES_AGGRESSIVE;
				CLANG_CXX_LANGUAGE_STANDARD = "gnu++14";
				CLANG_CXX_LIBRARY = "libc++";
				CLANG_ENABLE_MODULES = YES;
				CLANG_ENABLE_OBJC_ARC = YES;
				CLANG_ENABLE_OBJC_WEAK = YES;
				CLANG_WARN_BLOCK_CAPTURE_AUTORELEASING = YES;
				CLANG_WARN_BOOL_CONVERSION = YES;
				CLANG_WARN_COMMA = YES;
				CLANG_WARN_CONSTANT_CONVERSION = YES;
				CLANG_WARN_DEPRECATED_OBJC_IMPLEMENTATIONS = YES;
				CLANG_WARN_DIRECT_OBJC_ISA_USAGE = YES_ERROR;
				CLANG_WARN_DOCUMENTATION_COMMENTS = YES;
				CLANG_WARN_EMPTY_BODY = YES;
				CLANG_WARN_ENUM_CONVERSION = YES;
				CLANG_WARN_INFINITE_RECURSION = YES;
				CLANG_WARN_INT_CONVERSION = YES;
				CLANG_WARN_NON_LITERAL_NULL_CONVERSION = YES;
				CLANG_WARN_OBJC_IMPLICIT_RETAIN_SELF = YES;
				CLANG_WARN_OBJC_LITERAL_CONVERSION = YES;
				CLANG_WARN_OBJC_ROOT_CLASS = YES_ERROR;
				CLANG_WARN_QUOTED_INCLUDE_IN_FRAMEWORK_HEADER = YES;
				CLANG_WARN_RANGE_LOOP_ANALYSIS = YES;
				CLANG_WARN_STRICT_PROTOTYPES = YES;
				CLANG_WARN_SUSPICIOUS_MOVE = YES;
				CLANG_WARN_UNGUARDED_AVAILABILITY = YES_AGGRESSIVE;
				CLANG_WARN_UNREACHABLE_CODE = YES;
				CLANG_WARN__DUPLICATE_METHOD_MATCH = YES;
				COPY_PHASE_STRIP = NO;
				DEBUG_INFORMATION_FORMAT = "dwarf-with-dsym";
				ENABLE_NS_ASSERTIONS = NO;
				ENABLE_STRICT_OBJC_MSGSEND = YES;
				GCC_C_LANGUAGE_STANDARD = gnu11;
				GCC_NO_COMMON_BLOCKS = YES;
				GCC_WARN_64_TO_32_BIT_CONVERSION = YES;
				GCC_WARN_ABOUT_RETURN_TYPE = YES_ERROR;
				GCC_WARN_UNDECLARED_SELECTOR = YES;
				GCC_WARN_UNINITIALIZED_AUTOS = YES_AGGRESSIVE;
				GCC_WARN_UNUSED_FUNCTION = YES;
				GCC_WARN_UNUSED_VARIABLE = YES;
				IPHONEOS_DEPLOYMENT_TARGET = 14.3;
				MTL_ENABLE_DEBUG_INFO = NO;
				MTL_FAST_MATH = YES;
				SDKROOT = iphoneos;
				SWIFT_COMPILATION_MODE = wholemodule;
				SWIFT_OPTIMIZATION_LEVEL = "-O";
				VALIDATE_PRODUCT = YES;
			};
			name = Release;
		};
		885A6C1825B1D4C400BEEFBF /* Debug */ = {
			isa = XCBuildConfiguration;
			buildSettings = {
				ASSETCATALOG_COMPILER_APPICON_NAME = AppIcon;
				ASSETCATALOG_COMPILER_GLOBAL_ACCENT_COLOR_NAME = AccentColor;
				CODE_SIGN_STYLE = Automatic;
				DEVELOPMENT_TEAM = 87N7QPTHS6;
				INFOPLIST_FILE = "Project Universe/Info.plist";
				LD_RUNPATH_SEARCH_PATHS = (
					"$(inherited)",
					"@executable_path/Frameworks",
				);
				PRODUCT_BUNDLE_IDENTIFIER = "com.beaxhem.Project-Universe";
				PRODUCT_NAME = "$(TARGET_NAME)";
				SWIFT_VERSION = 5.0;
				TARGETED_DEVICE_FAMILY = 1;
			};
			name = Debug;
		};
		885A6C1925B1D4C400BEEFBF /* Release */ = {
			isa = XCBuildConfiguration;
			buildSettings = {
				ASSETCATALOG_COMPILER_APPICON_NAME = AppIcon;
				ASSETCATALOG_COMPILER_GLOBAL_ACCENT_COLOR_NAME = AccentColor;
				CODE_SIGN_STYLE = Automatic;
				DEVELOPMENT_TEAM = 87N7QPTHS6;
				INFOPLIST_FILE = "Project Universe/Info.plist";
				LD_RUNPATH_SEARCH_PATHS = (
					"$(inherited)",
					"@executable_path/Frameworks",
				);
				PRODUCT_BUNDLE_IDENTIFIER = "com.beaxhem.Project-Universe";
				PRODUCT_NAME = "$(TARGET_NAME)";
				SWIFT_VERSION = 5.0;
				TARGETED_DEVICE_FAMILY = 1;
			};
			name = Release;
		};
/* End XCBuildConfiguration section */

/* Begin XCConfigurationList section */
		885A6BFE25B1D4BF00BEEFBF /* Build configuration list for PBXProject "Project Universe" */ = {
			isa = XCConfigurationList;
			buildConfigurations = (
				885A6C1525B1D4C400BEEFBF /* Debug */,
				885A6C1625B1D4C400BEEFBF /* Release */,
			);
			defaultConfigurationIsVisible = 0;
			defaultConfigurationName = Release;
		};
		885A6C1725B1D4C400BEEFBF /* Build configuration list for PBXNativeTarget "Project Universe" */ = {
			isa = XCConfigurationList;
			buildConfigurations = (
				885A6C1825B1D4C400BEEFBF /* Debug */,
				885A6C1925B1D4C400BEEFBF /* Release */,
			);
			defaultConfigurationIsVisible = 0;
			defaultConfigurationName = Release;
		};
/* End XCConfigurationList section */
	};
	rootObject = 885A6BFB25B1D4BF00BEEFBF /* Project object */;
}
